<Solution>
  <Folder Name="/protocol/">
    <Project Path="../deep-protocol/src/Deep.Protocol/Deep.Protocol.csproj" />
    <Project Path="../deep-protocol/src/Deep.Protocol.MembershipRoutes/Deep.Protocol.MembershipRoutes.csproj" />
    <Project Path="../deep-protocol/src/Deep.Protocol.ProfileCarrier/Deep.Protocol.ProfileCarrier.csproj" />
  </Folder>
  <Folder Name="/src/">
    <Project Path="src/Deep.Client.Shared/Deep.Client.Shared.Production.csproj" />
  </Folder>
  <Folder Name="/tests/">
    <Project Path="tests/Deep.Client.Shared.Production.Tests/Deep.Client.Shared.Production.Tests.csproj" />
  </Folder>
</Solution>
