{
  "version": 1,
  "dependencies": {
    "net10.0": {
      "Deep.Protocol": {
        "type": "Direct",
        "requested": "[0.4.0-production.bb4cd70, 0.4.0-production.bb4cd70]",
        "resolved": "0.4.0-production.bb4cd70",
        "contentHash": "yRHU/tDdW5HlLZiVhwn3Iqf+DBVJ4wtRy1QqDm721DZ0aFg972LtIgjJ8S5HkP5p2NhibQOPIFGg61MvNHZy5w==",
        "dependencies": {
          "Deep.Protocol.Abstractions": "[0.4.0-production.bb4cd70]",
          "Deep.Protocol.Protobuf": "[0.4.0-production.bb4cd70]",
          "Sodium.Core": "1.4.1"
        }
      },
      "Deep.Protocol.MembershipRoutes": {
        "type": "Direct",
        "requested": "[0.4.0-production.bb4cd70, 0.4.0-production.bb4cd70]",
        "resolved": "0.4.0-production.bb4cd70",
        "contentHash": "/WtL01qkkzE3yxhZgY2uXq4RH0ZUW2/Pi/hTVA1GoRFkfupxXgyx3uJoNFur6Wo+E0MHS/BQCig466yVmW3h1Q==",
        "dependencies": {
          "Deep.Protocol": "[0.4.0-production.bb4cd70]"
        }
      },
      "Deep.Protocol.ProfileCarrier": {
        "type": "Direct",
        "requested": "[0.4.0-survival.bb4cd70, 0.4.0-survival.bb4cd70]",
        "resolved": "0.4.0-survival.bb4cd70",
        "contentHash": "nL2v0Qv3OEC0N/KQfV/Jqec1LlazA0rjwxP00hY49MCJbJdh3kP+Ni4TlmQ8GvCMs3WJQjuU9pDEpsn9HY3L6A==",
        "dependencies": {
          "Deep.Protocol": "[0.4.0-production.bb4cd70]",
          "Sodium.Core": "[1.4.1]",
          "libsodium": "[1.0.22]"
        }
      },
      "Microsoft.Data.Sqlite.Core": {
        "type": "Direct",
        "requested": "[10.0.9, )",
        "resolved": "10.0.9",
        "contentHash": "iZrONyMKPjxfVZnUktqO30QjzNwAGH+AxM61s8lKQnVhgbQ3bn0hiXI129ZmVicEbIcwljyy2OVsIYUR51ZHKQ==",
        "dependencies": {
          "SQLitePCLRaw.core": "2.1.11"
        }
      },
      "Sodium.Core": {
        "type": "Direct",
        "requested": "[1.4.1, )",
        "resolved": "1.4.1",
        "contentHash": "K1Xhi20h9H15UPOa6NDNgW81NYN6AAvVT+v0Jz3n1qLS/nqiWzamWCyHyFxgoriCEMA90L1KQbYrIqBH+zKbrg==",
        "dependencies": {
          "libsodium": "[1.0.22, 1.0.23)"
        }
      },
      "SQLitePCLRaw.bundle_e_sqlcipher": {
        "type": "Direct",
        "requested": "[2.1.11, )",
        "resolved": "2.1.11",
        "contentHash": "NFuxa/rD3Ah88jbFOgsoUjuWcLiBkj3iqgO2gJXola9NtjtCTRI3HMQtVjQDnrhCvdBOAJ4RqbwnqoEMLht8GQ==",
        "dependencies": {
          "SQLitePCLRaw.lib.e_sqlcipher": "2.1.11",
          "SQLitePCLRaw.provider.e_sqlcipher": "2.1.11"
        }
      },
      "Deep.Protocol.Abstractions": {
        "type": "Transitive",
        "resolved": "0.4.0-production.bb4cd70",
        "contentHash": "NwMEI9mEH8lXbXY31sDd4hncMUsHa57jgjfO7hxeR6AtN/4frl8ZyvggeZfIuDYOnLZ+4w+Tky69zbMjNt0NTg=="
      },
      "Deep.Protocol.Protobuf": {
        "type": "Transitive",
        "resolved": "0.4.0-production.bb4cd70",
        "contentHash": "KQyzVSWphK7zSOAdKfb3Oq5525Qw6rw95HKvGbjcxHdLylTKfEJmICN84bzd9PWonjzvfkRkVbmAQB8838HT5g==",
        "dependencies": {
          "Google.Protobuf": "3.32.1"
        }
      },
      "Google.Protobuf": {
        "type": "Transitive",
        "resolved": "3.32.1",
        "contentHash": "HbFFRNU46e1E+qhGvwCDAO2EZ80WADqlkNqlOBYvGi7SNxwMPkTrReZgCg9/TrXwLO/n0za+AIiT2IplzqrjZw=="
      },
      "libsodium": {
        "type": "Transitive",
        "resolved": "1.0.22",
        "contentHash": "KPD9SloJFclrsjnhABu7dzWrcyYkwPbvx5l1gRSPAX/0n+OBtSiVCKtGFv4n+ecWUHU0tCG9LSSwoZZx673zBQ=="
      },
      "SQLitePCLRaw.core": {
        "type": "Transitive",
        "resolved": "2.1.11",
        "contentHash": "PK0GLFkfhZzLQeR3PJf71FmhtHox+U3vcY6ZtswoMjrefkB9k6ErNJEnwXqc5KgXDSjige2XXrezqS39gkpQKA=="
      },
      "SQLitePCLRaw.lib.e_sqlcipher": {
        "type": "Transitive",
        "resolved": "2.1.11",
        "contentHash": "Cg6UPeDbH8jyaOs1vqXYIgeewH0wYrBnmbC5Ml3GYBo+GKzNmyxrWSO52JV68bfB7Addt/PZLMekJV1RH2ftWQ=="
      },
      "SQLitePCLRaw.provider.e_sqlcipher": {
        "type": "Transitive",
        "resolved": "2.1.11",
        "contentHash": "5L7YXWtPzKYHeXBHmj63QsHbLQmy0SYvhQp3xWA2yzSq1SvlnGFViveLfUDr/GEmePrqzXQ9tOJG9iQnFspfBA==",
        "dependencies": {
          "SQLitePCLRaw.core": "2.1.11"
        }
      }
    },
    "net10.0/win-arm64": {
      "libsodium": {
        "type": "Transitive",
        "resolved": "1.0.22",
        "contentHash": "KPD9SloJFclrsjnhABu7dzWrcyYkwPbvx5l1gRSPAX/0n+OBtSiVCKtGFv4n+ecWUHU0tCG9LSSwoZZx673zBQ=="
      },
      "SQLitePCLRaw.lib.e_sqlcipher": {
        "type": "Transitive",
        "resolved": "2.1.11",
        "contentHash": "Cg6UPeDbH8jyaOs1vqXYIgeewH0wYrBnmbC5Ml3GYBo+GKzNmyxrWSO52JV68bfB7Addt/PZLMekJV1RH2ftWQ=="
      }
    }
  }
}